// !$*UTF8*$!
{
	archiveVersion = 1;
	classes = {
	};
	objectVersion = 55;
	objects = {

/* Begin PBXBuildFile section */
		0EE83C1827FD5E5900940397 /* bobmongusApp.swift in Sources */ = {isa = PBXBuildFile; fileRef = 0EE83C1727FD5E5900940397 /* bobmongusApp.swift */; };
		0EE83C1C27FD5E5A00940397 /* Assets.xcassets in Resources */ = {isa = PBXBuildFile; fileRef = 0EE83C1B27FD5E5A00940397 /* Assets.xcassets */; };
		0EE83C1F27FD5E5A00940397 /* Preview Assets.xcassets in Resources */ = {isa = PBXBuildFile; fileRef = 0EE83C1E27FD5E5A00940397 /* Preview Assets.xcassets */; };
		0EE83C2927FD5E5A00940397 /* bobmongusTests.swift in Sources */ = {isa = PBXBuildFile; fileRef = 0EE83C2827FD5E5A00940397 /* bobmongusTests.swift */; };
		0EE83C3327FD5E5A00940397 /* bobmongusUITests.swift in Sources */ = {isa = PBXBuildFile; fileRef = 0EE83C3227FD5E5A00940397 /* bobmongusUITests.swift */; };
		0EE83C3527FD5E5A00940397 /* bobmongusUITestsLaunchTests.swift in Sources */ = {isa = PBXBuildFile; fileRef = 0EE83C3427FD5E5A00940397 /* bobmongusUITestsLaunchTests.swift */; };
		961C05792802AE7F002FEEAE /* Room.swift in Sources */ = {isa = PBXBuildFile; fileRef = 961C05782802AE7F002FEEAE /* Room.swift */; };
		961C057C2802B021002FEEAE /* dummyrooms.json in Resources */ = {isa = PBXBuildFile; fileRef = 961C057B2802B021002FEEAE /* dummyrooms.json */; };
		961C057E2802B0CD002FEEAE /* ModelData.swift in Sources */ = {isa = PBXBuildFile; fileRef = 961C057D2802B0CD002FEEAE /* ModelData.swift */; };
		962787AA2803F7DF00385549 /* TestRoomView.swift in Sources */ = {isa = PBXBuildFile; fileRef = 962787A92803F7DE00385549 /* TestRoomView.swift */; };
		962787AC2803F7FA00385549 /* TestRoomMakingView.swift in Sources */ = {isa = PBXBuildFile; fileRef = 962787AB2803F7FA00385549 /* TestRoomMakingView.swift */; };
		962787AE2803F81400385549 /* TestRoomListView.swift in Sources */ = {isa = PBXBuildFile; fileRef = 962787AD2803F81400385549 /* TestRoomListView.swift */; };
		962787B02803F83900385549 /* ClearButton.swift in Sources */ = {isa = PBXBuildFile; fileRef = 962787AF2803F83900385549 /* ClearButton.swift */; };
		962787B32803F85700385549 /* ConfirmationDialog.swift in Sources */ = {isa = PBXBuildFile; fileRef = 962787B22803F85700385549 /* ConfirmationDialog.swift */; };
		962787B52803F88400385549 /* Color.swift in Sources */ = {isa = PBXBuildFile; fileRef = 962787B42803F88400385549 /* Color.swift */; };
		962787B82803F89A00385549 /* AnyTransition.swift in Sources */ = {isa = PBXBuildFile; fileRef = 962787B72803F89A00385549 /* AnyTransition.swift */; };
		962787BA2803F8EA00385549 /* DungGeunMo.otf in Resources */ = {isa = PBXBuildFile; fileRef = 962787B92803F8EA00385549 /* DungGeunMo.otf */; };
		962787BB2803F8EA00385549 /* DungGeunMo.otf in Resources */ = {isa = PBXBuildFile; fileRef = 962787B92803F8EA00385549 /* DungGeunMo.otf */; };
		962787BC2803F8EA00385549 /* DungGeunMo.otf in Resources */ = {isa = PBXBuildFile; fileRef = 962787B92803F8EA00385549 /* DungGeunMo.otf */; };
		962787C02803F92800385549 /* RoomCellShape.swift in Sources */ = {isa = PBXBuildFile; fileRef = 962787BF2803F92800385549 /* RoomCellShape.swift */; };
		962787C52803F94600385549 /* GifImage.swift in Sources */ = {isa = PBXBuildFile; fileRef = 962787C42803F94600385549 /* GifImage.swift */; };
		962787C62803F94600385549 /* GifImage.swift in Sources */ = {isa = PBXBuildFile; fileRef = 962787C42803F94600385549 /* GifImage.swift */; };
		962787C72803F94600385549 /* GifImage.swift in Sources */ = {isa = PBXBuildFile; fileRef = 962787C42803F94600385549 /* GifImage.swift */; };
		962787CA2803FA0A00385549 /* bob.gif in Resources */ = {isa = PBXBuildFile; fileRef = 962787C92803FA0A00385549 /* bob.gif */; };
		962787CB2803FA0A00385549 /* bob.gif in Resources */ = {isa = PBXBuildFile; fileRef = 962787C92803FA0A00385549 /* bob.gif */; };
		962787CC2803FA0A00385549 /* bob.gif in Resources */ = {isa = PBXBuildFile; fileRef = 962787C92803FA0A00385549 /* bob.gif */; };
		9681F1D527FD7BDF00A00E20 /* TestUserCell.swift in Sources */ = {isa = PBXBuildFile; fileRef = 9681F1D427FD7BDF00A00E20 /* TestUserCell.swift */; };
		77AA816A27FEC7CD002FFB48 /* NaviTestView.swift in Sources */ = {isa = PBXBuildFile; fileRef = 77AA816927FEC7CD002FFB48 /* NaviTestView.swift */; };
		77AA816E280025D9002FFB48 /* ModalTestView.swift in Sources */ = {isa = PBXBuildFile; fileRef = 77AA816D280025D9002FFB48 /* ModalTestView.swift */; };
		77AA817428040BB9002FFB48 /* DungGeunMo.otf in Resources */ = {isa = PBXBuildFile; fileRef = 77AA817328040BB8002FFB48 /* DungGeunMo.otf */; };
		77AA817528040BB9002FFB48 /* DungGeunMo.otf in Resources */ = {isa = PBXBuildFile; fileRef = 77AA817328040BB8002FFB48 /* DungGeunMo.otf */; };
		77AA817628040BB9002FFB48 /* DungGeunMo.otf in Resources */ = {isa = PBXBuildFile; fileRef = 77AA817328040BB8002FFB48 /* DungGeunMo.otf */; };
		77AA817928040F8C002FFB48 /* clearButton.swift in Sources */ = {isa = PBXBuildFile; fileRef = 77AA817828040F8C002FFB48 /* clearButton.swift */; };
		77AA817A28040F8C002FFB48 /* clearButton.swift in Sources */ = {isa = PBXBuildFile; fileRef = 77AA817828040F8C002FFB48 /* clearButton.swift */; };
		77AA817B28040F8C002FFB48 /* clearButton.swift in Sources */ = {isa = PBXBuildFile; fileRef = 77AA817828040F8C002FFB48 /* clearButton.swift */; };
		77AA817E28047197002FFB48 /* ImageDemoView.swift in Sources */ = {isa = PBXBuildFile; fileRef = 77AA817D28047197002FFB48 /* ImageDemoView.swift */; };
		77B9020D27FD679900CECE9D /* MypageView.swift in Sources */ = {isa = PBXBuildFile; fileRef = 77B9020C27FD679900CECE9D /* MypageView.swift */; };
		77E565F627FD80E5000D1ADD /* EditProfileView.swift in Sources */ = {isa = PBXBuildFile; fileRef = 77E565F527FD80E5000D1ADD /* EditProfileView.swift */; };
		77E565F927FD8113000D1ADD /* EditPasswordView.swift in Sources */ = {isa = PBXBuildFile; fileRef = 77E565F827FD8113000D1ADD /* EditPasswordView.swift */; };
/* End PBXBuildFile section */

/* Begin PBXContainerItemProxy section */
		0EE83C2527FD5E5A00940397 /* PBXContainerItemProxy */ = {
			isa = PBXContainerItemProxy;
			containerPortal = 0EE83C0C27FD5E5900940397 /* Project object */;
			proxyType = 1;
			remoteGlobalIDString = 0EE83C1327FD5E5900940397;
			remoteInfo = bobmongus;
		};
		0EE83C2F27FD5E5A00940397 /* PBXContainerItemProxy */ = {
			isa = PBXContainerItemProxy;
			containerPortal = 0EE83C0C27FD5E5900940397 /* Project object */;
			proxyType = 1;
			remoteGlobalIDString = 0EE83C1327FD5E5900940397;
			remoteInfo = bobmongus;
		};
/* End PBXContainerItemProxy section */

/* Begin PBXFileReference section */
		0EE83C1427FD5E5900940397 /* bobmongus.app */ = {isa = PBXFileReference; explicitFileType = wrapper.application; includeInIndex = 0; path = bobmongus.app; sourceTree = BUILT_PRODUCTS_DIR; };
		0EE83C1727FD5E5900940397 /* bobmongusApp.swift */ = {isa = PBXFileReference; lastKnownFileType = sourcecode.swift; name = bobmongusApp.swift; path = bobmongus/bobmongusApp.swift; sourceTree = SOURCE_ROOT; };
		0EE83C1B27FD5E5A00940397 /* Assets.xcassets */ = {isa = PBXFileReference; lastKnownFileType = folder.assetcatalog; path = Assets.xcassets; sourceTree = "<group>"; };
		0EE83C1E27FD5E5A00940397 /* Preview Assets.xcassets */ = {isa = PBXFileReference; lastKnownFileType = folder.assetcatalog; path = "Preview Assets.xcassets"; sourceTree = "<group>"; };
		0EE83C2427FD5E5A00940397 /* bobmongusTests.xctest */ = {isa = PBXFileReference; explicitFileType = wrapper.cfbundle; includeInIndex = 0; path = bobmongusTests.xctest; sourceTree = BUILT_PRODUCTS_DIR; };
		0EE83C2827FD5E5A00940397 /* bobmongusTests.swift */ = {isa = PBXFileReference; lastKnownFileType = sourcecode.swift; path = bobmongusTests.swift; sourceTree = "<group>"; };
		0EE83C2E27FD5E5A00940397 /* bobmongusUITests.xctest */ = {isa = PBXFileReference; explicitFileType = wrapper.cfbundle; includeInIndex = 0; path = bobmongusUITests.xctest; sourceTree = BUILT_PRODUCTS_DIR; };
		0EE83C3227FD5E5A00940397 /* bobmongusUITests.swift */ = {isa = PBXFileReference; lastKnownFileType = sourcecode.swift; path = bobmongusUITests.swift; sourceTree = "<group>"; };
		0EE83C3427FD5E5A00940397 /* bobmongusUITestsLaunchTests.swift */ = {isa = PBXFileReference; lastKnownFileType = sourcecode.swift; path = bobmongusUITestsLaunchTests.swift; sourceTree = "<group>"; };
		961C05782802AE7F002FEEAE /* Room.swift */ = {isa = PBXFileReference; lastKnownFileType = sourcecode.swift; path = Room.swift; sourceTree = "<group>"; };
		961C057B2802B021002FEEAE /* dummyrooms.json */ = {isa = PBXFileReference; lastKnownFileType = text.json; path = dummyrooms.json; sourceTree = "<group>"; };
		961C057D2802B0CD002FEEAE /* ModelData.swift */ = {isa = PBXFileReference; lastKnownFileType = sourcecode.swift; path = ModelData.swift; sourceTree = "<group>"; };
		962787A92803F7DE00385549 /* TestRoomView.swift */ = {isa = PBXFileReference; lastKnownFileType = sourcecode.swift; path = TestRoomView.swift; sourceTree = "<group>"; };
		962787AB2803F7FA00385549 /* TestRoomMakingView.swift */ = {isa = PBXFileReference; lastKnownFileType = sourcecode.swift; path = TestRoomMakingView.swift; sourceTree = "<group>"; };
		962787AD2803F81400385549 /* TestRoomListView.swift */ = {isa = PBXFileReference; lastKnownFileType = sourcecode.swift; path = TestRoomListView.swift; sourceTree = "<group>"; };
		962787AF2803F83900385549 /* ClearButton.swift */ = {isa = PBXFileReference; lastKnownFileType = sourcecode.swift; path = ClearButton.swift; sourceTree = "<group>"; };
		962787B22803F85700385549 /* ConfirmationDialog.swift */ = {isa = PBXFileReference; lastKnownFileType = sourcecode.swift; path = ConfirmationDialog.swift; sourceTree = "<group>"; };
		962787B42803F88400385549 /* Color.swift */ = {isa = PBXFileReference; lastKnownFileType = sourcecode.swift; path = Color.swift; sourceTree = "<group>"; };
		962787B72803F89A00385549 /* AnyTransition.swift */ = {isa = PBXFileReference; lastKnownFileType = sourcecode.swift; path = AnyTransition.swift; sourceTree = "<group>"; };
		962787B92803F8EA00385549 /* DungGeunMo.otf */ = {isa = PBXFileReference; lastKnownFileType = file; path = DungGeunMo.otf; sourceTree = "<group>"; };
		962787BE2803F90600385549 /* Info.plist */ = {isa = PBXFileReference; lastKnownFileType = text.plist.xml; path = Info.plist; sourceTree = "<group>"; };
		962787BF2803F92800385549 /* RoomCellShape.swift */ = {isa = PBXFileReference; lastKnownFileType = sourcecode.swift; path = RoomCellShape.swift; sourceTree = "<group>"; };
		962787C42803F94600385549 /* GifImage.swift */ = {isa = PBXFileReference; lastKnownFileType = sourcecode.swift; path = GifImage.swift; sourceTree = "<group>"; };
		962787C92803FA0A00385549 /* bob.gif */ = {isa = PBXFileReference; lastKnownFileType = image.gif; path = bob.gif; sourceTree = "<group>"; };
		9681F1D427FD7BDF00A00E20 /* TestUserCell.swift */ = {isa = PBXFileReference; lastKnownFileType = sourcecode.swift; path = TestUserCell.swift; sourceTree = "<group>"; };
		77AA816927FEC7CD002FFB48 /* NaviTestView.swift */ = {isa = PBXFileReference; lastKnownFileType = sourcecode.swift; path = NaviTestView.swift; sourceTree = "<group>"; };
		77AA816D280025D9002FFB48 /* ModalTestView.swift */ = {isa = PBXFileReference; lastKnownFileType = sourcecode.swift; path = ModalTestView.swift; sourceTree = "<group>"; };
		77AA817328040BB8002FFB48 /* DungGeunMo.otf */ = {isa = PBXFileReference; lastKnownFileType = file; path = DungGeunMo.otf; sourceTree = "<group>"; };
		77AA817728040BDC002FFB48 /* Info.plist */ = {isa = PBXFileReference; lastKnownFileType = text.plist; path = Info.plist; sourceTree = "<group>"; };
		77AA817828040F8C002FFB48 /* clearButton.swift */ = {isa = PBXFileReference; lastKnownFileType = sourcecode.swift; path = clearButton.swift; sourceTree = "<group>"; };
		77AA817D28047197002FFB48 /* ImageDemoView.swift */ = {isa = PBXFileReference; lastKnownFileType = sourcecode.swift; path = ImageDemoView.swift; sourceTree = "<group>"; };
		77B9020C27FD679900CECE9D /* MypageView.swift */ = {isa = PBXFileReference; lastKnownFileType = sourcecode.swift; name = MypageView.swift; path = bobmongus/Views/MypageView.swift; sourceTree = SOURCE_ROOT; };
		77E565F527FD80E5000D1ADD /* EditProfileView.swift */ = {isa = PBXFileReference; lastKnownFileType = sourcecode.swift; path = EditProfileView.swift; sourceTree = "<group>"; };
		77E565F827FD8113000D1ADD /* EditPasswordView.swift */ = {isa = PBXFileReference; lastKnownFileType = sourcecode.swift; path = EditPasswordView.swift; sourceTree = "<group>"; };
/* End PBXFileReference section */

/* Begin PBXFrameworksBuildPhase section */
		0EE83C1127FD5E5900940397 /* Frameworks */ = {
			isa = PBXFrameworksBuildPhase;
			buildActionMask = 2147483647;
			files = (
			);
			runOnlyForDeploymentPostprocessing = 0;
		};
		0EE83C2127FD5E5A00940397 /* Frameworks */ = {
			isa = PBXFrameworksBuildPhase;
			buildActionMask = 2147483647;
			files = (
			);
			runOnlyForDeploymentPostprocessing = 0;
		};
		0EE83C2B27FD5E5A00940397 /* Frameworks */ = {
			isa = PBXFrameworksBuildPhase;
			buildActionMask = 2147483647;
			files = (
			);
			runOnlyForDeploymentPostprocessing = 0;
		};
/* End PBXFrameworksBuildPhase section */

/* Begin PBXGroup section */
		0EE83C0B27FD5E5900940397 = {
			isa = PBXGroup;
			children = (
				0EE83C1627FD5E5900940397 /* bobmongus */,
				0EE83C2727FD5E5A00940397 /* bobmongusTests */,
				0EE83C3127FD5E5A00940397 /* bobmongusUITests */,
				0EE83C1527FD5E5900940397 /* Products */,
			);
			sourceTree = "<group>";
		};
		0EE83C1527FD5E5900940397 /* Products */ = {
			isa = PBXGroup;
			children = (
				0EE83C1427FD5E5900940397 /* bobmongus.app */,
				0EE83C2427FD5E5A00940397 /* bobmongusTests.xctest */,
				0EE83C2E27FD5E5A00940397 /* bobmongusUITests.xctest */,
			);
			name = Products;
			sourceTree = "<group>";
		};
		0EE83C1627FD5E5900940397 /* bobmongus */ = {
			isa = PBXGroup;
			children = (
				77AA817728040BDC002FFB48 /* Info.plist */,
				77AA817328040BB8002FFB48 /* DungGeunMo.otf */,
				77E565F727FD80EE000D1ADD /* Views */,
				77AA817C28040FA8002FFB48 /* ViewModifier */,
				0EE83C1727FD5E5900940397 /* bobmongusApp.swift */,
				0EE83C1927FD5E5900940397 /* ContentView.swift */,
				962787A82803F7CF00385549 /* Views */,
				961C057A2802AE99002FEEAE /* Entities */,
				962787B12803F84500385549 /* ViewModifier */,
				962787B62803F88C00385549 /* Extension */,
				962787BD2803F8F300385549 /* Fonts */,
				962787C32803F92D00385549 /* Shape */,
				962787C82803F94A00385549 /* Gif */,
				962787BE2803F90600385549 /* Info.plist */,
				0EE83C1B27FD5E5A00940397 /* Assets.xcassets */,
				0EE83C1D27FD5E5A00940397 /* Preview Content */,
			);
			path = bobmongus;
			sourceTree = "<group>";
		};
		0EE83C1D27FD5E5A00940397 /* Preview Content */ = {
			isa = PBXGroup;
			children = (
				0EE83C1E27FD5E5A00940397 /* Preview Assets.xcassets */,
			);
			path = "Preview Content";
			sourceTree = "<group>";
		};
		0EE83C2727FD5E5A00940397 /* bobmongusTests */ = {
			isa = PBXGroup;
			children = (
				0EE83C2827FD5E5A00940397 /* bobmongusTests.swift */,
			);
			path = bobmongusTests;
			sourceTree = "<group>";
		};
		0EE83C3127FD5E5A00940397 /* bobmongusUITests */ = {
			isa = PBXGroup;
			children = (
				0EE83C3227FD5E5A00940397 /* bobmongusUITests.swift */,
				0EE83C3427FD5E5A00940397 /* bobmongusUITestsLaunchTests.swift */,
			);
			path = bobmongusUITests;
			sourceTree = "<group>";
		};
		961C057A2802AE99002FEEAE /* Entities */ = {
			isa = PBXGroup;
			children = (
				961C057D2802B0CD002FEEAE /* ModelData.swift */,
				961C05782802AE7F002FEEAE /* Room.swift */,
				961C057B2802B021002FEEAE /* dummyrooms.json */,
			);
			path = Entities;
			sourceTree = "<group>";
		};
		962787A82803F7CF00385549 /* Views */ = {
			isa = PBXGroup;
			children = (
				962787AD2803F81400385549 /* TestRoomListView.swift */,
				962787AB2803F7FA00385549 /* TestRoomMakingView.swift */,
				962787A92803F7DE00385549 /* TestRoomView.swift */,
				9681F1D427FD7BDF00A00E20 /* TestUserCell.swift */,
			);
			path = Views;
			sourceTree = "<group>";
		};
		962787B12803F84500385549 /* ViewModifier */ = {
			isa = PBXGroup;
			children = (
				962787AF2803F83900385549 /* ClearButton.swift */,
				962787B22803F85700385549 /* ConfirmationDialog.swift */,
			);
			path = Views;
			sourceTree = "<group>";
		};
		77AA817C28040FA8002FFB48 /* ViewModifier */ = {
			isa = PBXGroup;
			children = (
				77AA817828040F8C002FFB48 /* clearButton.swift */,
			);
			path = ViewModifier;
			sourceTree = "<group>";
		};
		962787B62803F88C00385549 /* Extension */ = {
			isa = PBXGroup;
			children = (
				962787B42803F88400385549 /* Color.swift */,
				962787B72803F89A00385549 /* AnyTransition.swift */,
			);
			path = Extension;
			sourceTree = "<group>";
		};
		962787BD2803F8F300385549 /* Fonts */ = {
			isa = PBXGroup;
			children = (
				962787B92803F8EA00385549 /* DungGeunMo.otf */,
			);
			path = Fonts;
			sourceTree = "<group>";
		};
		962787C32803F92D00385549 /* Shape */ = {
			isa = PBXGroup;
			children = (
				962787BF2803F92800385549 /* RoomCellShape.swift */,
			);
			path = Shape;
			sourceTree = "<group>";
		};
		962787C82803F94A00385549 /* Gif */ = {
			isa = PBXGroup;
			children = (
				962787C92803FA0A00385549 /* bob.gif */,
				962787C42803F94600385549 /* GifImage.swift */,
			);
			path = Gif;
			sourceTree = "<group>";
		};
		77AA818128051923002FFB48 /* test */ = {
			isa = PBXGroup;
			children = (
				77AA816D280025D9002FFB48 /* ModalTestView.swift */,
				77AA817D28047197002FFB48 /* ImageDemoView.swift */,
				77AA816927FEC7CD002FFB48 /* NaviTestView.swift */,
			);
			path = test;
			sourceTree = "<group>";
		};
		77E565F727FD80EE000D1ADD /* Views */ = {
			isa = PBXGroup;
			children = (
				77B9020C27FD679900CECE9D /* MypageView.swift */,
				77E565F527FD80E5000D1ADD /* EditProfileView.swift */,
				77E565F827FD8113000D1ADD /* EditPasswordView.swift */,
				77AA818128051923002FFB48 /* test */,
			);
			path = Views;
			sourceTree = "<group>";
		};
/* End PBXGroup section */

/* Begin PBXNativeTarget section */
		0EE83C1327FD5E5900940397 /* bobmongus */ = {
			isa = PBXNativeTarget;
			buildConfigurationList = 0EE83C3827FD5E5A00940397 /* Build configuration list for PBXNativeTarget "bobmongus" */;
			buildPhases = (
				0EE83C1027FD5E5900940397 /* Sources */,
				0EE83C1127FD5E5900940397 /* Frameworks */,
				0EE83C1227FD5E5900940397 /* Resources */,
			);
			buildRules = (
			);
			dependencies = (
			);
			name = bobmongus;
			productName = bobmongus;
			productReference = 0EE83C1427FD5E5900940397 /* bobmongus.app */;
			productType = "com.apple.product-type.application";
		};
		0EE83C2327FD5E5A00940397 /* bobmongusTests */ = {
			isa = PBXNativeTarget;
			buildConfigurationList = 0EE83C3B27FD5E5A00940397 /* Build configuration list for PBXNativeTarget "bobmongusTests" */;
			buildPhases = (
				0EE83C2027FD5E5A00940397 /* Sources */,
				0EE83C2127FD5E5A00940397 /* Frameworks */,
				0EE83C2227FD5E5A00940397 /* Resources */,
			);
			buildRules = (
			);
			dependencies = (
				0EE83C2627FD5E5A00940397 /* PBXTargetDependency */,
			);
			name = bobmongusTests;
			productName = bobmongusTests;
			productReference = 0EE83C2427FD5E5A00940397 /* bobmongusTests.xctest */;
			productType = "com.apple.product-type.bundle.unit-test";
		};
		0EE83C2D27FD5E5A00940397 /* bobmongusUITests */ = {
			isa = PBXNativeTarget;
			buildConfigurationList = 0EE83C3E27FD5E5A00940397 /* Build configuration list for PBXNativeTarget "bobmongusUITests" */;
			buildPhases = (
				0EE83C2A27FD5E5A00940397 /* Sources */,
				0EE83C2B27FD5E5A00940397 /* Frameworks */,
				0EE83C2C27FD5E5A00940397 /* Resources */,
			);
			buildRules = (
			);
			dependencies = (
				0EE83C3027FD5E5A00940397 /* PBXTargetDependency */,
			);
			name = bobmongusUITests;
			productName = bobmongusUITests;
			productReference = 0EE83C2E27FD5E5A00940397 /* bobmongusUITests.xctest */;
			productType = "com.apple.product-type.bundle.ui-testing";
		};
/* End PBXNativeTarget section */

/* Begin PBXProject section */
		0EE83C0C27FD5E5900940397 /* Project object */ = {
			isa = PBXProject;
			attributes = {
				BuildIndependentTargetsInParallel = 1;
				LastSwiftUpdateCheck = 1330;
				LastUpgradeCheck = 1330;
				TargetAttributes = {
					0EE83C1327FD5E5900940397 = {
						CreatedOnToolsVersion = 13.3;
					};
					0EE83C2327FD5E5A00940397 = {
						CreatedOnToolsVersion = 13.3;
						TestTargetID = 0EE83C1327FD5E5900940397;
					};
					0EE83C2D27FD5E5A00940397 = {
						CreatedOnToolsVersion = 13.3;
						TestTargetID = 0EE83C1327FD5E5900940397;
					};
				};
			};
			buildConfigurationList = 0EE83C0F27FD5E5900940397 /* Build configuration list for PBXProject "bobmongus" */;
			compatibilityVersion = "Xcode 13.0";
			developmentRegion = en;
			hasScannedForEncodings = 0;
			knownRegions = (
				en,
				Base,
			);
			mainGroup = 0EE83C0B27FD5E5900940397;
			productRefGroup = 0EE83C1527FD5E5900940397 /* Products */;
			projectDirPath = "";
			projectRoot = "";
			targets = (
				0EE83C1327FD5E5900940397 /* bobmongus */,
				0EE83C2327FD5E5A00940397 /* bobmongusTests */,
				0EE83C2D27FD5E5A00940397 /* bobmongusUITests */,
			);
		};
/* End PBXProject section */

/* Begin PBXResourcesBuildPhase section */
		0EE83C1227FD5E5900940397 /* Resources */ = {
			isa = PBXResourcesBuildPhase;
			buildActionMask = 2147483647;
			files = (
				0EE83C1F27FD5E5A00940397 /* Preview Assets.xcassets in Resources */,
				962787CA2803FA0A00385549 /* bob.gif in Resources */,
				961C057C2802B021002FEEAE /* dummyrooms.json in Resources */,
				962787BA2803F8EA00385549 /* DungGeunMo.otf in Resources */,
				77AA817428040BB9002FFB48 /* DungGeunMo.otf in Resources */,
				0EE83C1C27FD5E5A00940397 /* Assets.xcassets in Resources */,
			);
			runOnlyForDeploymentPostprocessing = 0;
		};
		0EE83C2227FD5E5A00940397 /* Resources */ = {
			isa = PBXResourcesBuildPhase;
			buildActionMask = 2147483647;
			files = (
				962787CB2803FA0A00385549 /* bob.gif in Resources */,
				962787BB2803F8EA00385549 /* DungGeunMo.otf in Resources */,
				77AA817528040BB9002FFB48 /* DungGeunMo.otf in Resources */,
			);
			runOnlyForDeploymentPostprocessing = 0;
		};
		0EE83C2C27FD5E5A00940397 /* Resources */ = {
			isa = PBXResourcesBuildPhase;
			buildActionMask = 2147483647;
			files = (
				962787CC2803FA0A00385549 /* bob.gif in Resources */,
				962787BC2803F8EA00385549 /* DungGeunMo.otf in Resources */,
				77AA817628040BB9002FFB48 /* DungGeunMo.otf in Resources */,
			);
			runOnlyForDeploymentPostprocessing = 0;
		};
/* End PBXResourcesBuildPhase section */

/* Begin PBXSourcesBuildPhase section */
		0EE83C1027FD5E5900940397 /* Sources */ = {
			isa = PBXSourcesBuildPhase;
			buildActionMask = 2147483647;
			files = (
				9681F1D527FD7BDF00A00E20 /* TestUserCell.swift in Sources */,
				962787AE2803F81400385549 /* TestRoomListView.swift in Sources */,
				962787AC2803F7FA00385549 /* TestRoomMakingView.swift in Sources */,
				962787C02803F92800385549 /* RoomCellShape.swift in Sources */,
				962787AA2803F7DF00385549 /* TestRoomView.swift in Sources */,
				962787B82803F89A00385549 /* AnyTransition.swift in Sources */,
				962787B52803F88400385549 /* Color.swift in Sources */,
				0EE83C1A27FD5E5900940397 /* ContentView.swift in Sources */,
				0EE83C1827FD5E5900940397 /* bobmongusApp.swift in Sources */,
				962787B02803F83900385549 /* ClearButton.swift in Sources */,
				962787B32803F85700385549 /* ConfirmationDialog.swift in Sources */,
				961C05792802AE7F002FEEAE /* Room.swift in Sources */,
				961C057E2802B0CD002FEEAE /* ModelData.swift in Sources */,
				962787C52803F94600385549 /* GifImage.swift in Sources */,
				77AA817E28047197002FFB48 /* ImageDemoView.swift in Sources */,
				77E565F627FD80E5000D1ADD /* EditProfileView.swift in Sources */,
				77E565F927FD8113000D1ADD /* EditPasswordView.swift in Sources */,
				77AA816A27FEC7CD002FFB48 /* NaviTestView.swift in Sources */,
				77B9020D27FD679900CECE9D /* MypageView.swift in Sources */,
				77AA817928040F8C002FFB48 /* clearButton.swift in Sources */,
				0EE83C1827FD5E5900940397 /* bobmongusApp.swift in Sources */,
				77AA816E280025D9002FFB48 /* ModalTestView.swift in Sources */,
			);
			runOnlyForDeploymentPostprocessing = 0;
		};
		0EE83C2027FD5E5A00940397 /* Sources */ = {
			isa = PBXSourcesBuildPhase;
			buildActionMask = 2147483647;
			files = (
				962787C62803F94600385549 /* GifImage.swift in Sources */,
				0EE83C2927FD5E5A00940397 /* bobmongusTests.swift in Sources */,
				77AA817A28040F8C002FFB48 /* clearButton.swift in Sources */,
			);
			runOnlyForDeploymentPostprocessing = 0;
		};
		0EE83C2A27FD5E5A00940397 /* Sources */ = {
			isa = PBXSourcesBuildPhase;
			buildActionMask = 2147483647;
			files = (
				0EE83C3327FD5E5A00940397 /* bobmongusUITests.swift in Sources */,
				0EE83C3527FD5E5A00940397 /* bobmongusUITestsLaunchTests.swift in Sources */,
				962787C72803F94600385549 /* GifImage.swift in Sources */,
				77AA817B28040F8C002FFB48 /* clearButton.swift in Sources */,
			);
			runOnlyForDeploymentPostprocessing = 0;
		};
/* End PBXSourcesBuildPhase section */

/* Begin PBXTargetDependency section */
		0EE83C2627FD5E5A00940397 /* PBXTargetDependency */ = {
			isa = PBXTargetDependency;
			target = 0EE83C1327FD5E5900940397 /* bobmongus */;
			targetProxy = 0EE83C2527FD5E5A00940397 /* PBXContainerItemProxy */;
		};
		0EE83C3027FD5E5A00940397 /* PBXTargetDependency */ = {
			isa = PBXTargetDependency;
			target = 0EE83C1327FD5E5900940397 /* bobmongus */;
			targetProxy = 0EE83C2F27FD5E5A00940397 /* PBXContainerItemProxy */;
		};
/* End PBXTargetDependency section */

/* Begin XCBuildConfiguration section */
		0EE83C3627FD5E5A00940397 /* Debug */ = {
			isa = XCBuildConfiguration;
			buildSettings = {
				ALWAYS_SEARCH_USER_PATHS = NO;
				CLANG_ANALYZER_NONNULL = YES;
				CLANG_ANALYZER_NUMBER_OBJECT_CONVERSION = YES_AGGRESSIVE;
				CLANG_CXX_LANGUAGE_STANDARD = "gnu++17";
				CLANG_ENABLE_MODULES = YES;
				CLANG_ENABLE_OBJC_ARC = YES;
				CLANG_ENABLE_OBJC_WEAK = YES;
				CLANG_WARN_BLOCK_CAPTURE_AUTORELEASING = YES;
				CLANG_WARN_BOOL_CONVERSION = YES;
				CLANG_WARN_COMMA = YES;
				CLANG_WARN_CONSTANT_CONVERSION = YES;
				CLANG_WARN_DEPRECATED_OBJC_IMPLEMENTATIONS = YES;
				CLANG_WARN_DIRECT_OBJC_ISA_USAGE = YES_ERROR;
				CLANG_WARN_DOCUMENTATION_COMMENTS = YES;
				CLANG_WARN_EMPTY_BODY = YES;
				CLANG_WARN_ENUM_CONVERSION = YES;
				CLANG_WARN_INFINITE_RECURSION = YES;
				CLANG_WARN_INT_CONVERSION = YES;
				CLANG_WARN_NON_LITERAL_NULL_CONVERSION = YES;
				CLANG_WARN_OBJC_IMPLICIT_RETAIN_SELF = YES;
				CLANG_WARN_OBJC_LITERAL_CONVERSION = YES;
				CLANG_WARN_OBJC_ROOT_CLASS = YES_ERROR;
				CLANG_WARN_QUOTED_INCLUDE_IN_FRAMEWORK_HEADER = YES;
				CLANG_WARN_RANGE_LOOP_ANALYSIS = YES;
				CLANG_WARN_STRICT_PROTOTYPES = YES;
				CLANG_WARN_SUSPICIOUS_MOVE = YES;
				CLANG_WARN_UNGUARDED_AVAILABILITY = YES_AGGRESSIVE;
				CLANG_WARN_UNREACHABLE_CODE = YES;
				CLANG_WARN__DUPLICATE_METHOD_MATCH = YES;
				COPY_PHASE_STRIP = NO;
				DEBUG_INFORMATION_FORMAT = dwarf;
				ENABLE_STRICT_OBJC_MSGSEND = YES;
				ENABLE_TESTABILITY = YES;
				GCC_C_LANGUAGE_STANDARD = gnu11;
				GCC_DYNAMIC_NO_PIC = NO;
				GCC_NO_COMMON_BLOCKS = YES;
				GCC_OPTIMIZATION_LEVEL = 0;
				GCC_PREPROCESSOR_DEFINITIONS = (
					"DEBUG=1",
					"$(inherited)",
				);
				GCC_WARN_64_TO_32_BIT_CONVERSION = YES;
				GCC_WARN_ABOUT_RETURN_TYPE = YES_ERROR;
				GCC_WARN_UNDECLARED_SELECTOR = YES;
				GCC_WARN_UNINITIALIZED_AUTOS = YES_AGGRESSIVE;
				GCC_WARN_UNUSED_FUNCTION = YES;
				GCC_WARN_UNUSED_VARIABLE = YES;
				IPHONEOS_DEPLOYMENT_TARGET = 15.4;
				MTL_ENABLE_DEBUG_INFO = INCLUDE_SOURCE;
				MTL_FAST_MATH = YES;
				ONLY_ACTIVE_ARCH = YES;
				SDKROOT = iphoneos;
				SWIFT_ACTIVE_COMPILATION_CONDITIONS = DEBUG;
				SWIFT_OPTIMIZATION_LEVEL = "-Onone";
			};
			name = Debug;
		};
		0EE83C3727FD5E5A00940397 /* Release */ = {
			isa = XCBuildConfiguration;
			buildSettings = {
				ALWAYS_SEARCH_USER_PATHS = NO;
				CLANG_ANALYZER_NONNULL = YES;
				CLANG_ANALYZER_NUMBER_OBJECT_CONVERSION = YES_AGGRESSIVE;
				CLANG_CXX_LANGUAGE_STANDARD = "gnu++17";
				CLANG_ENABLE_MODULES = YES;
				CLANG_ENABLE_OBJC_ARC = YES;
				CLANG_ENABLE_OBJC_WEAK = YES;
				CLANG_WARN_BLOCK_CAPTURE_AUTORELEASING = YES;
				CLANG_WARN_BOOL_CONVERSION = YES;
				CLANG_WARN_COMMA = YES;
				CLANG_WARN_CONSTANT_CONVERSION = YES;
				CLANG_WARN_DEPRECATED_OBJC_IMPLEMENTATIONS = YES;
				CLANG_WARN_DIRECT_OBJC_ISA_USAGE = YES_ERROR;
				CLANG_WARN_DOCUMENTATION_COMMENTS = YES;
				CLANG_WARN_EMPTY_BODY = YES;
				CLANG_WARN_ENUM_CONVERSION = YES;
				CLANG_WARN_INFINITE_RECURSION = YES;
				CLANG_WARN_INT_CONVERSION = YES;
				CLANG_WARN_NON_LITERAL_NULL_CONVERSION = YES;
				CLANG_WARN_OBJC_IMPLICIT_RETAIN_SELF = YES;
				CLANG_WARN_OBJC_LITERAL_CONVERSION = YES;
				CLANG_WARN_OBJC_ROOT_CLASS = YES_ERROR;
				CLANG_WARN_QUOTED_INCLUDE_IN_FRAMEWORK_HEADER = YES;
				CLANG_WARN_RANGE_LOOP_ANALYSIS = YES;
				CLANG_WARN_STRICT_PROTOTYPES = YES;
				CLANG_WARN_SUSPICIOUS_MOVE = YES;
				CLANG_WARN_UNGUARDED_AVAILABILITY = YES_AGGRESSIVE;
				CLANG_WARN_UNREACHABLE_CODE = YES;
				CLANG_WARN__DUPLICATE_METHOD_MATCH = YES;
				COPY_PHASE_STRIP = NO;
				DEBUG_INFORMATION_FORMAT = "dwarf-with-dsym";
				ENABLE_NS_ASSERTIONS = NO;
				ENABLE_STRICT_OBJC_MSGSEND = YES;
				GCC_C_LANGUAGE_STANDARD = gnu11;
				GCC_NO_COMMON_BLOCKS = YES;
				GCC_WARN_64_TO_32_BIT_CONVERSION = YES;
				GCC_WARN_ABOUT_RETURN_TYPE = YES_ERROR;
				GCC_WARN_UNDECLARED_SELECTOR = YES;
				GCC_WARN_UNINITIALIZED_AUTOS = YES_AGGRESSIVE;
				GCC_WARN_UNUSED_FUNCTION = YES;
				GCC_WARN_UNUSED_VARIABLE = YES;
				IPHONEOS_DEPLOYMENT_TARGET = 15.4;
				MTL_ENABLE_DEBUG_INFO = NO;
				MTL_FAST_MATH = YES;
				SDKROOT = iphoneos;
				SWIFT_COMPILATION_MODE = wholemodule;
				SWIFT_OPTIMIZATION_LEVEL = "-O";
				VALIDATE_PRODUCT = YES;
			};
			name = Release;
		};
		0EE83C3927FD5E5A00940397 /* Debug */ = {
			isa = XCBuildConfiguration;
			buildSettings = {
				ASSETCATALOG_COMPILER_APPICON_NAME = AppIcon;
				ASSETCATALOG_COMPILER_GLOBAL_ACCENT_COLOR_NAME = AccentColor;
				CODE_SIGN_STYLE = Automatic;
				CURRENT_PROJECT_VERSION = 1;
				DEVELOPMENT_ASSET_PATHS = "\"bobmongus/Preview Content\"";
				DEVELOPMENT_TEAM = G88S43GJPG;
				ENABLE_PREVIEWS = YES;
				GENERATE_INFOPLIST_FILE = YES;
				INFOPLIST_FILE = bobmongus/Info.plist;
				INFOPLIST_KEY_UIApplicationSceneManifest_Generation = YES;
				INFOPLIST_KEY_UIApplicationSupportsIndirectInputEvents = YES;
				INFOPLIST_KEY_UILaunchScreen_Generation = YES;
				INFOPLIST_KEY_UISupportedInterfaceOrientations_iPad = "UIInterfaceOrientationPortrait UIInterfaceOrientationPortraitUpsideDown UIInterfaceOrientationLandscapeLeft UIInterfaceOrientationLandscapeRight";
				INFOPLIST_KEY_UISupportedInterfaceOrientations_iPhone = "UIInterfaceOrientationPortrait UIInterfaceOrientationLandscapeLeft UIInterfaceOrientationLandscapeRight";
				LD_RUNPATH_SEARCH_PATHS = (
					"$(inherited)",
					"@executable_path/Frameworks",
				);
				MARKETING_VERSION = 1.0;
				PRODUCT_BUNDLE_IDENTIFIER = com.bobmongus.bobmongus;
				PRODUCT_NAME = "$(TARGET_NAME)";
				SWIFT_EMIT_LOC_STRINGS = YES;
				SWIFT_VERSION = 5.0;
				TARGETED_DEVICE_FAMILY = "1,2";
			};
			name = Debug;
		};
		0EE83C3A27FD5E5A00940397 /* Release */ = {
			isa = XCBuildConfiguration;
			buildSettings = {
				ASSETCATALOG_COMPILER_APPICON_NAME = AppIcon;
				ASSETCATALOG_COMPILER_GLOBAL_ACCENT_COLOR_NAME = AccentColor;
				CODE_SIGN_STYLE = Automatic;
				CURRENT_PROJECT_VERSION = 1;
				DEVELOPMENT_ASSET_PATHS = "\"bobmongus/Preview Content\"";
				DEVELOPMENT_TEAM = G88S43GJPG;
				ENABLE_PREVIEWS = YES;
				GENERATE_INFOPLIST_FILE = YES;
				INFOPLIST_FILE = bobmongus/Info.plist;
				INFOPLIST_KEY_UIApplicationSceneManifest_Generation = YES;
				INFOPLIST_KEY_UIApplicationSupportsIndirectInputEvents = YES;
				INFOPLIST_KEY_UILaunchScreen_Generation = YES;
				INFOPLIST_KEY_UISupportedInterfaceOrientations_iPad = "UIInterfaceOrientationPortrait UIInterfaceOrientationPortraitUpsideDown UIInterfaceOrientationLandscapeLeft UIInterfaceOrientationLandscapeRight";
				INFOPLIST_KEY_UISupportedInterfaceOrientations_iPhone = "UIInterfaceOrientationPortrait UIInterfaceOrientationLandscapeLeft UIInterfaceOrientationLandscapeRight";
				LD_RUNPATH_SEARCH_PATHS = (
					"$(inherited)",
					"@executable_path/Frameworks",
				);
				MARKETING_VERSION = 1.0;
				PRODUCT_BUNDLE_IDENTIFIER = com.bobmongus.bobmongus;
				PRODUCT_NAME = "$(TARGET_NAME)";
				SWIFT_EMIT_LOC_STRINGS = YES;
				SWIFT_VERSION = 5.0;
				TARGETED_DEVICE_FAMILY = "1,2";
			};
			name = Release;
		};
		0EE83C3C27FD5E5A00940397 /* Debug */ = {
			isa = XCBuildConfiguration;
			buildSettings = {
				ALWAYS_EMBED_SWIFT_STANDARD_LIBRARIES = YES;
				BUNDLE_LOADER = "$(TEST_HOST)";
				CODE_SIGN_STYLE = Automatic;
				CURRENT_PROJECT_VERSION = 1;
				GENERATE_INFOPLIST_FILE = YES;
				IPHONEOS_DEPLOYMENT_TARGET = 15.4;
				MARKETING_VERSION = 1.0;
				PRODUCT_BUNDLE_IDENTIFIER = com.bobmongus.bobmongusTests;
				PRODUCT_NAME = "$(TARGET_NAME)";
				SWIFT_EMIT_LOC_STRINGS = NO;
				SWIFT_VERSION = 5.0;
				TARGETED_DEVICE_FAMILY = "1,2";
				TEST_HOST = "$(BUILT_PRODUCTS_DIR)/bobmongus.app/bobmongus";
			};
			name = Debug;
		};
		0EE83C3D27FD5E5A00940397 /* Release */ = {
			isa = XCBuildConfiguration;
			buildSettings = {
				ALWAYS_EMBED_SWIFT_STANDARD_LIBRARIES = YES;
				BUNDLE_LOADER = "$(TEST_HOST)";
				CODE_SIGN_STYLE = Automatic;
				CURRENT_PROJECT_VERSION = 1;
				GENERATE_INFOPLIST_FILE = YES;
				IPHONEOS_DEPLOYMENT_TARGET = 15.4;
				MARKETING_VERSION = 1.0;
				PRODUCT_BUNDLE_IDENTIFIER = com.bobmongus.bobmongusTests;
				PRODUCT_NAME = "$(TARGET_NAME)";
				SWIFT_EMIT_LOC_STRINGS = NO;
				SWIFT_VERSION = 5.0;
				TARGETED_DEVICE_FAMILY = "1,2";
				TEST_HOST = "$(BUILT_PRODUCTS_DIR)/bobmongus.app/bobmongus";
			};
			name = Release;
		};
		0EE83C3F27FD5E5A00940397 /* Debug */ = {
			isa = XCBuildConfiguration;
			buildSettings = {
				ALWAYS_EMBED_SWIFT_STANDARD_LIBRARIES = YES;
				CODE_SIGN_STYLE = Automatic;
				CURRENT_PROJECT_VERSION = 1;
				GENERATE_INFOPLIST_FILE = YES;
				MARKETING_VERSION = 1.0;
				PRODUCT_BUNDLE_IDENTIFIER = com.bobmongus.bobmongusUITests;
				PRODUCT_NAME = "$(TARGET_NAME)";
				SWIFT_EMIT_LOC_STRINGS = NO;
				SWIFT_VERSION = 5.0;
				TARGETED_DEVICE_FAMILY = "1,2";
				TEST_TARGET_NAME = bobmongus;
			};
			name = Debug;
		};
		0EE83C4027FD5E5A00940397 /* Release */ = {
			isa = XCBuildConfiguration;
			buildSettings = {
				ALWAYS_EMBED_SWIFT_STANDARD_LIBRARIES = YES;
				CODE_SIGN_STYLE = Automatic;
				CURRENT_PROJECT_VERSION = 1;
				GENERATE_INFOPLIST_FILE = YES;
				MARKETING_VERSION = 1.0;
				PRODUCT_BUNDLE_IDENTIFIER = com.bobmongus.bobmongusUITests;
				PRODUCT_NAME = "$(TARGET_NAME)";
				SWIFT_EMIT_LOC_STRINGS = NO;
				SWIFT_VERSION = 5.0;
				TARGETED_DEVICE_FAMILY = "1,2";
				TEST_TARGET_NAME = bobmongus;
			};
			name = Release;
		};
/* End XCBuildConfiguration section */

/* Begin XCConfigurationList section */
		0EE83C0F27FD5E5900940397 /* Build configuration list for PBXProject "bobmongus" */ = {
			isa = XCConfigurationList;
			buildConfigurations = (
				0EE83C3627FD5E5A00940397 /* Debug */,
				0EE83C3727FD5E5A00940397 /* Release */,
			);
			defaultConfigurationIsVisible = 0;
			defaultConfigurationName = Release;
		};
		0EE83C3827FD5E5A00940397 /* Build configuration list for PBXNativeTarget "bobmongus" */ = {
			isa = XCConfigurationList;
			buildConfigurations = (
				0EE83C3927FD5E5A00940397 /* Debug */,
				0EE83C3A27FD5E5A00940397 /* Release */,
			);
			defaultConfigurationIsVisible = 0;
			defaultConfigurationName = Release;
		};
		0EE83C3B27FD5E5A00940397 /* Build configuration list for PBXNativeTarget "bobmongusTests" */ = {
			isa = XCConfigurationList;
			buildConfigurations = (
				0EE83C3C27FD5E5A00940397 /* Debug */,
				0EE83C3D27FD5E5A00940397 /* Release */,
			);
			defaultConfigurationIsVisible = 0;
			defaultConfigurationName = Release;
		};
		0EE83C3E27FD5E5A00940397 /* Build configuration list for PBXNativeTarget "bobmongusUITests" */ = {
			isa = XCConfigurationList;
			buildConfigurations = (
				0EE83C3F27FD5E5A00940397 /* Debug */,
				0EE83C4027FD5E5A00940397 /* Release */,
			);
			defaultConfigurationIsVisible = 0;
			defaultConfigurationName = Release;
		};
/* End XCConfigurationList section */
	};
	rootObject = 0EE83C0C27FD5E5900940397 /* Project object */;
}
